
Microsoft Visual Studio Solution File, Format Version 12.00
# Visual Studio 15
Project("{FAE04EC0-301F-11D3-BF4B-00C04F79EFBC}") = "Assembly-CSharp", "Assembly-CSharp.csproj", "{C53B29A9-4BC7-B832-4823-C1FC4A49CCD3}"
EndProject
Global
	GlobalSection(SolutionConfigurationPlatforms) = preSolution
		Debug|Any CPU = Debug|Any CPU
		Release|Any CPU = Release|Any CPU
	EndGlobalSection
	GlobalSection(ProjectConfigurationPlatforms) = postSolution
		{C53B29A9-4BC7-B832-4823-C1FC4A49CCD3}.Debug|Any CPU.ActiveCfg = Debug|Any CPU
		{C53B29A9-4BC7-B832-4823-C1FC4A49CCD3}.Debug|Any CPU.Build.0 = Debug|Any CPU
		{C53B29A9-4BC7-B832-4823-C1FC4A49CCD3}.Release|Any CPU.ActiveCfg = Release|Any CPU
		{C53B29A9-4BC7-B832-4823-C1FC4A49CCD3}.Release|Any CPU.Build.0 = Release|Any CPU
	EndGlobalSection
	GlobalSection(SolutionProperties) = preSolution
		HideSolutionNode = FALSE
	EndGlobalSection
EndGlobal
